// !$*UTF8*$!
{
	archiveVersion = 1;
	classes = {
	};
	objectVersion = 50;
	objects = {

/* Begin PBXBuildFile section */
		1B489AED221D632A0098CBB7 /* AppDelegate.swift in Sources */ = {isa = PBXBuildFile; fileRef = 1B489AEC221D632A0098CBB7 /* AppDelegate.swift */; };
		1B489AEF221D632A0098CBB7 /* ViewController.swift in Sources */ = {isa = PBXBuildFile; fileRef = 1B489AEE221D632A0098CBB7 /* ViewController.swift */; };
		1B489AF2221D632A0098CBB7 /* Main.storyboard in Resources */ = {isa = PBXBuildFile; fileRef = 1B489AF0221D632A0098CBB7 /* Main.storyboard */; };
		1B489AF4221D632B0098CBB7 /* Assets.xcassets in Resources */ = {isa = PBXBuildFile; fileRef = 1B489AF3221D632B0098CBB7 /* Assets.xcassets */; };
		1B489AF7221D632B0098CBB7 /* LaunchScreen.storyboard in Resources */ = {isa = PBXBuildFile; fileRef = 1B489AF5221D632B0098CBB7 /* LaunchScreen.storyboard */; };
		1B489B02221D632B0098CBB7 /* DemoTests.swift in Sources */ = {isa = PBXBuildFile; fileRef = 1B489B01221D632B0098CBB7 /* DemoTests.swift */; };
		1B489B0D221D632B0098CBB7 /* DemoUITests.swift in Sources */ = {isa = PBXBuildFile; fileRef = 1B489B0C221D632B0098CBB7 /* DemoUITests.swift */; };
/* End PBXBuildFile section */

/* Begin PBXContainerItemProxy section */
		1B489AFE221D632B0098CBB7 /* PBXContainerItemProxy */ = {
			isa = PBXContainerItemProxy;
			containerPortal = 1B489AE1221D632A0098CBB7 /* Project object */;
			proxyType = 1;
			remoteGlobalIDString = 1B489AE8221D632A0098CBB7;
			remoteInfo = Demo;
		};
		1B489B09221D632B0098CBB7 /* PBXContainerItemProxy */ = {
			isa = PBXContainerItemProxy;
			containerPortal = 1B489AE1221D632A0098CBB7 /* Project object */;
			proxyType = 1;
			remoteGlobalIDString = 1B489AE8221D632A0098CBB7;
			remoteInfo = Demo;
		};
/* End PBXContainerItemProxy section */

/* Begin PBXFileReference section */
		1B489AE9221D632A0098CBB7 /* Demo.app */ = {isa = PBXFileReference; explicitFileType = wrapper.application; includeInIndex = 0; path = Demo.app; sourceTree = BUILT_PRODUCTS_DIR; };
		1B489AEC221D632A0098CBB7 /* AppDelegate.swift */ = {isa = PBXFileReference; lastKnownFileType = sourcecode.swift; path = AppDelegate.swift; sourceTree = "<group>"; };
		1B489AEE221D632A0098CBB7 /* ViewController.swift */ = {isa = PBXFileReference; lastKnownFileType = sourcecode.swift; path = ViewController.swift; sourceTree = "<group>"; };
		1B489AF1221D632A0098CBB7 /* Base */ = {isa = PBXFileReference; lastKnownFileType = file.storyboard; name = Base; path = Base.lproj/Main.storyboard; sourceTree = "<group>"; };
		1B489AF3221D632B0098CBB7 /* Assets.xcassets */ = {isa = PBXFileReference; lastKnownFileType = folder.assetcatalog; path = Assets.xcassets; sourceTree = "<group>"; };
		1B489AF6221D632B0098CBB7 /* Base */ = {isa = PBXFileReference; lastKnownFileType = file.storyboard; name = Base; path = Base.lproj/LaunchScreen.storyboard; sourceTree = "<group>"; };
		1B489AF8221D632B0098CBB7 /* Info.plist */ = {isa = PBXFileReference; lastKnownFileType = text.plist.xml; path = Info.plist; sourceTree = "<group>"; };
		1B489AFD221D632B0098CBB7 /* DemoTests.xctest */ = {isa = PBXFileReference; explicitFileType = wrapper.cfbundle; includeInIndex = 0; path = DemoTests.xctest; sourceTree = BUILT_PRODUCTS_DIR; };
		1B489B01221D632B0098CBB7 /* DemoTests.swift */ = {isa = PBXFileReference; lastKnownFileType = sourcecode.swift; path = DemoTests.swift; sourceTree = "<group>"; };
		1B489B03221D632B0098CBB7 /* Info.plist */ = {isa = PBXFileReference; lastKnownFileType = text.plist.xml; path = Info.plist; sourceTree = "<group>"; };
		1B489B08221D632B0098CBB7 /* DemoUITests.xctest */ = {isa = PBXFileReference; explicitFileType = wrapper.cfbundle; includeInIndex = 0; path = DemoUITests.xctest; sourceTree = BUILT_PRODUCTS_DIR; };
		1B489B0C221D632B0098CBB7 /* DemoUITests.swift */ = {isa = PBXFileReference; lastKnownFileType = sourcecode.swift; path = DemoUITests.swift; sourceTree = "<group>"; };
		1B489B0E221D632B0098CBB7 /* Info.plist */ = {isa = PBXFileReference; lastKnownFileType = text.plist.xml; path = Info.plist; sourceTree = "<group>"; };
/* End PBXFileReference section */

/* Begin PBXFrameworksBuildPhase section */
		1B489AE6221D632A0098CBB7 /* Frameworks */ = {
			isa = PBXFrameworksBuildPhase;
			buildActionMask = 2147483647;
			files = (
			);
			runOnlyForDeploymentPostprocessing = 0;
		};
		1B489AFA221D632B0098CBB7 /* Frameworks */ = {
			isa = PBXFrameworksBuildPhase;
			buildActionMask = 2147483647;
			files = (
			);
			runOnlyForDeploymentPostprocessing = 0;
		};
		1B489B05221D632B0098CBB7 /* Frameworks */ = {
			isa = PBXFrameworksBuildPhase;
			buildActionMask = 2147483647;
			files = (
			);
			runOnlyForDeploymentPostprocessing = 0;
		};
/* End PBXFrameworksBuildPhase section */

/* Begin PBXGroup section */
		1B489AE0221D632A0098CBB7 = {
			isa = PBXGroup;
			children = (
				1B489AEB221D632A0098CBB7 /* Demo */,
				1B489B00221D632B0098CBB7 /* DemoTests */,
				1B489B0B221D632B0098CBB7 /* DemoUITests */,
				1B489AEA221D632A0098CBB7 /* Products */,
			);
			sourceTree = "<group>";
		};
		1B489AEA221D632A0098CBB7 /* Products */ = {
			isa = PBXGroup;
			children = (
				1B489AE9221D632A0098CBB7 /* Demo.app */,
				1B489AFD221D632B0098CBB7 /* DemoTests.xctest */,
				1B489B08221D632B0098CBB7 /* DemoUITests.xctest */,
			);
			name = Products;
			sourceTree = "<group>";
		};
		1B489AEB221D632A0098CBB7 /* Demo */ = {
			isa = PBXGroup;
			children = (
				1B489AEC221D632A0098CBB7 /* AppDelegate.swift */,
				1B489AEE221D632A0098CBB7 /* ViewController.swift */,
				1B489AF0221D632A0098CBB7 /* Main.storyboard */,
				1B489AF3221D632B0098CBB7 /* Assets.xcassets */,
				1B489AF5221D632B0098CBB7 /* LaunchScreen.storyboard */,
				1B489AF8221D632B0098CBB7 /* Info.plist */,
			);
			path = Demo;
			sourceTree = "<group>";
		};
		1B489B00221D632B0098CBB7 /* DemoTests */ = {
			isa = PBXGroup;
			children = (
				1B489B01221D632B0098CBB7 /* DemoTests.swift */,
				1B489B03221D632B0098CBB7 /* Info.plist */,
			);
			path = DemoTests;
			sourceTree = "<group>";
		};
		1B489B0B221D632B0098CBB7 /* DemoUITests */ = {
			isa = PBXGroup;
			children = (
				1B489B0C221D632B0098CBB7 /* DemoUITests.swift */,
				1B489B0E221D632B0098CBB7 /* Info.plist */,
			);
			path = DemoUITests;
			sourceTree = "<group>";
		};
/* End PBXGroup section */

/* Begin PBXNativeTarget section */
		1B489AE8221D632A0098CBB7 /* Demo */ = {
			isa = PBXNativeTarget;
			buildConfigurationList = 1B489B11221D632B0098CBB7 /* Build configuration list for PBXNativeTarget "Demo" */;
			buildPhases = (
				1B489AE5221D632A0098CBB7 /* Sources */,
				1B489AE6221D632A0098CBB7 /* Frameworks */,
				1B489AE7221D632A0098CBB7 /* Resources */,
			);
			buildRules = (
			);
			dependencies = (
			);
			name = Demo;
			productName = Demo;
			productReference = 1B489AE9221D632A0098CBB7 /* Demo.app */;
			productType = "com.apple.product-type.application";
		};
		1B489AFC221D632B0098CBB7 /* DemoTests */ = {
			isa = PBXNativeTarget;
			buildConfigurationList = 1B489B14221D632B0098CBB7 /* Build configuration list for PBXNativeTarget "DemoTests" */;
			buildPhases = (
				1B489AF9221D632B0098CBB7 /* Sources */,
				1B489AFA221D632B0098CBB7 /* Frameworks */,
				1B489AFB221D632B0098CBB7 /* Resources */,
			);
			buildRules = (
			);
			dependencies = (
				1B489AFF221D632B0098CBB7 /* PBXTargetDependency */,
			);
			name = DemoTests;
			productName = DemoTests;
			productReference = 1B489AFD221D632B0098CBB7 /* DemoTests.xctest */;
			productType = "com.apple.product-type.bundle.unit-test";
		};
		1B489B07221D632B0098CBB7 /* DemoUITests */ = {
			isa = PBXNativeTarget;
			buildConfigurationList = 1B489B17221D632B0098CBB7 /* Build configuration list for PBXNativeTarget "DemoUITests" */;
			buildPhases = (
				1B489B04221D632B0098CBB7 /* Sources */,
				1B489B05221D632B0098CBB7 /* Frameworks */,
				1B489B06221D632B0098CBB7 /* Resources */,
			);
			buildRules = (
			);
			dependencies = (
				1B489B0A221D632B0098CBB7 /* PBXTargetDependency */,
			);
			name = DemoUITests;
			productName = DemoUITests;
			productReference = 1B489B08221D632B0098CBB7 /* DemoUITests.xctest */;
			productType = "com.apple.product-type.bundle.ui-testing";
		};
/* End PBXNativeTarget section */

/* Begin PBXProject section */
		1B489AE1221D632A0098CBB7 /* Project object */ = {
			isa = PBXProject;
			attributes = {
				LastSwiftUpdateCheck = 1010;
				LastUpgradeCheck = 1010;
				ORGANIZATIONNAME = "Quang Tran";
				TargetAttributes = {
					1B489AE8221D632A0098CBB7 = {
						CreatedOnToolsVersion = 10.1;
					};
					1B489AFC221D632B0098CBB7 = {
						CreatedOnToolsVersion = 10.1;
						TestTargetID = 1B489AE8221D632A0098CBB7;
					};
					1B489B07221D632B0098CBB7 = {
						CreatedOnToolsVersion = 10.1;
						TestTargetID = 1B489AE8221D632A0098CBB7;
					};
				};
			};
			buildConfigurationList = 1B489AE4221D632A0098CBB7 /* Build configuration list for PBXProject "Demo" */;
			compatibilityVersion = "Xcode 9.3";
			developmentRegion = en;
			hasScannedForEncodings = 0;
			knownRegions = (
				en,
				Base,
			);
			mainGroup = 1B489AE0221D632A0098CBB7;
			productRefGroup = 1B489AEA221D632A0098CBB7 /* Products */;
			projectDirPath = "";
			projectRoot = "";
			targets = (
				1B489AE8221D632A0098CBB7 /* Demo */,
				1B489AFC221D632B0098CBB7 /* DemoTests */,
				1B489B07221D632B0098CBB7 /* DemoUITests */,
			);
		};
/* End PBXProject section */

/* Begin PBXResourcesBuildPhase section */
		1B489AE7221D632A0098CBB7 /* Resources */ = {
			isa = PBXResourcesBuildPhase;
			buildActionMask = 2147483647;
			files = (
				1B489AF7221D632B0098CBB7 /* LaunchScreen.storyboard in Resources */,
				1B489AF4221D632B0098CBB7 /* Assets.xcassets in Resources */,
				1B489AF2221D632A0098CBB7 /* Main.storyboard in Resources */,
			);
			runOnlyForDeploymentPostprocessing = 0;
		};
		1B489AFB221D632B0098CBB7 /* Resources */ = {
			isa = PBXResourcesBuildPhase;
			buildActionMask = 2147483647;
			files = (
			);
			runOnlyForDeploymentPostprocessing = 0;
		};
		1B489B06221D632B0098CBB7 /* Resources */ = {
			isa = PBXResourcesBuildPhase;
			buildActionMask = 2147483647;
			files = (
			);
			runOnlyForDeploymentPostprocessing = 0;
		};
/* End PBXResourcesBuildPhase section */

/* Begin PBXSourcesBuildPhase section */
		1B489AE5221D632A0098CBB7 /* Sources */ = {
			isa = PBXSourcesBuildPhase;
			buildActionMask = 2147483647;
			files = (
				1B489AEF221D632A0098CBB7 /* ViewController.swift in Sources */,
				1B489AED221D632A0098CBB7 /* AppDelegate.swift in Sources */,
			);
			runOnlyForDeploymentPostprocessing = 0;
		};
		1B489AF9221D632B0098CBB7 /* Sources */ = {
			isa = PBXSourcesBuildPhase;
			buildActionMask = 2147483647;
			files = (
				1B489B02221D632B0098CBB7 /* DemoTests.swift in Sources */,
			);
			runOnlyForDeploymentPostprocessing = 0;
		};
		1B489B04221D632B0098CBB7 /* Sources */ = {
			isa = PBXSourcesBuildPhase;
			buildActionMask = 2147483647;
			files = (
				1B489B0D221D632B0098CBB7 /* DemoUITests.swift in Sources */,
			);
			runOnlyForDeploymentPostprocessing = 0;
		};
/* End PBXSourcesBuildPhase section */

/* Begin PBXTargetDependency section */
		1B489AFF221D632B0098CBB7 /* PBXTargetDependency */ = {
			isa = PBXTargetDependency;
			target = 1B489AE8221D632A0098CBB7 /* Demo */;
			targetProxy = 1B489AFE221D632B0098CBB7 /* PBXContainerItemProxy */;
		};
		1B489B0A221D632B0098CBB7 /* PBXTargetDependency */ = {
			isa = PBXTargetDependency;
			target = 1B489AE8221D632A0098CBB7 /* Demo */;
			targetProxy = 1B489B09221D632B0098CBB7 /* PBXContainerItemProxy */;
		};
/* End PBXTargetDependency section */

/* Begin PBXVariantGroup section */
		1B489AF0221D632A0098CBB7 /* Main.storyboard */ = {
			isa = PBXVariantGroup;
			children = (
				1B489AF1221D632A0098CBB7 /* Base */,
			);
			name = Main.storyboard;
			sourceTree = "<group>";
		};
		1B489AF5221D632B0098CBB7 /* LaunchScreen.storyboard */ = {
			isa = PBXVariantGroup;
			children = (
				1B489AF6221D632B0098CBB7 /* Base */,
			);
			name = LaunchScreen.storyboard;
			sourceTree = "<group>";
		};
/* End PBXVariantGroup section */

/* Begin XCBuildConfiguration section */
		1B489B0F221D632B0098CBB7 /* Debug */ = {
			isa = XCBuildConfiguration;
			buildSettings = {
				ALWAYS_SEARCH_USER_PATHS = NO;
				CLANG_ANALYZER_NONNULL = YES;
				CLANG_ANALYZER_NUMBER_OBJECT_CONVERSION = YES_AGGRESSIVE;
				CLANG_CXX_LANGUAGE_STANDARD = "gnu++14";
				CLANG_CXX_LIBRARY = "libc++";
				CLANG_ENABLE_MODULES = YES;
				CLANG_ENABLE_OBJC_ARC = YES;
				CLANG_ENABLE_OBJC_WEAK = YES;
				CLANG_WARN_BLOCK_CAPTURE_AUTORELEASING = YES;
				CLANG_WARN_BOOL_CONVERSION = YES;
				CLANG_WARN_COMMA = YES;
				CLANG_WARN_CONSTANT_CONVERSION = YES;
				CLANG_WARN_DEPRECATED_OBJC_IMPLEMENTATIONS = YES;
				CLANG_WARN_DIRECT_OBJC_ISA_USAGE = YES_ERROR;
				CLANG_WARN_DOCUMENTATION_COMMENTS = YES;
				CLANG_WARN_EMPTY_BODY = YES;
				CLANG_WARN_ENUM_CONVERSION = YES;
				CLANG_WARN_INFINITE_RECURSION = YES;
				CLANG_WARN_INT_CONVERSION = YES;
				CLANG_WARN_NON_LITERAL_NULL_CONVERSION = YES;
				CLANG_WARN_OBJC_IMPLICIT_RETAIN_SELF = YES;
				CLANG_WARN_OBJC_LITERAL_CONVERSION = YES;
				CLANG_WARN_OBJC_ROOT_CLASS = YES_ERROR;
				CLANG_WARN_RANGE_LOOP_ANALYSIS = YES;
				CLANG_WARN_STRICT_PROTOTYPES = YES;
				CLANG_WARN_SUSPICIOUS_MOVE = YES;
				CLANG_WARN_UNGUARDED_AVAILABILITY = YES_AGGRESSIVE;
				CLANG_WARN_UNREACHABLE_CODE = YES;
				CLANG_WARN__DUPLICATE_METHOD_MATCH = YES;
				CODE_SIGN_IDENTITY = "iPhone Developer";
				COPY_PHASE_STRIP = NO;
				DEBUG_INFORMATION_FORMAT = dwarf;
				ENABLE_STRICT_OBJC_MSGSEND = YES;
				ENABLE_TESTABILITY = YES;
				GCC_C_LANGUAGE_STANDARD = gnu11;
				GCC_DYNAMIC_NO_PIC = NO;
				GCC_NO_COMMON_BLOCKS = YES;
				GCC_OPTIMIZATION_LEVEL = 0;
				GCC_PREPROCESSOR_DEFINITIONS = (
					"DEBUG=1",
					"$(inherited)",
				);
				GCC_WARN_64_TO_32_BIT_CONVERSION = YES;
				GCC_WARN_ABOUT_RETURN_TYPE = YES_ERROR;
				GCC_WARN_UNDECLARED_SELECTOR = YES;
				GCC_WARN_UNINITIALIZED_AUTOS = YES_AGGRESSIVE;
				GCC_WARN_UNUSED_FUNCTION = YES;
				GCC_WARN_UNUSED_VARIABLE = YES;
				IPHONEOS_DEPLOYMENT_TARGET = 12.1;
				MTL_ENABLE_DEBUG_INFO = INCLUDE_SOURCE;
				MTL_FAST_MATH = YES;
				ONLY_ACTIVE_ARCH = YES;
				SDKROOT = iphoneos;
				SWIFT_ACTIVE_COMPILATION_CONDITIONS = DEBUG;
				SWIFT_OPTIMIZATION_LEVEL = "-Onone";
			};
			name = Debug;
		};
		1B489B10221D632B0098CBB7 /* Release */ = {
			isa = XCBuildConfiguration;
			buildSettings = {
				ALWAYS_SEARCH_USER_PATHS = NO;
				CLANG_ANALYZER_NONNULL = YES;
				CLANG_ANALYZER_NUMBER_OBJECT_CONVERSION = YES_AGGRESSIVE;
				CLANG_CXX_LANGUAGE_STANDARD = "gnu++14";
				CLANG_CXX_LIBRARY = "libc++";
				CLANG_ENABLE_MODULES = YES;
				CLANG_ENABLE_OBJC_ARC = YES;
				CLANG_ENABLE_OBJC_WEAK = YES;
				CLANG_WARN_BLOCK_CAPTURE_AUTORELEASING = YES;
				CLANG_WARN_BOOL_CONVERSION = YES;
				CLANG_WARN_COMMA = YES;
				CLANG_WARN_CONSTANT_CONVERSION = YES;
				CLANG_WARN_DEPRECATED_OBJC_IMPLEMENTATIONS = YES;
				CLANG_WARN_DIRECT_OBJC_ISA_USAGE = YES_ERROR;
				CLANG_WARN_DOCUMENTATION_COMMENTS = YES;
				CLANG_WARN_EMPTY_BODY = YES;
				CLANG_WARN_ENUM_CONVERSION = YES;
				CLANG_WARN_INFINITE_RECURSION = YES;
				CLANG_WARN_INT_CONVERSION = YES;
				CLANG_WARN_NON_LITERAL_NULL_CONVERSION = YES;
				CLANG_WARN_OBJC_IMPLICIT_RETAIN_SELF = YES;
				CLANG_WARN_OBJC_LITERAL_CONVERSION = YES;
				CLANG_WARN_OBJC_ROOT_CLASS = YES_ERROR;
				CLANG_WARN_RANGE_LOOP_ANALYSIS = YES;
				CLANG_WARN_STRICT_PROTOTYPES = YES;
				CLANG_WARN_SUSPICIOUS_MOVE = YES;
				CLANG_WARN_UNGUARDED_AVAILABILITY = YES_AGGRESSIVE;
				CLANG_WARN_UNREACHABLE_CODE = YES;
				CLANG_WARN__DUPLICATE_METHOD_MATCH = YES;
				CODE_SIGN_IDENTITY = "iPhone Developer";
				COPY_PHASE_STRIP = NO;
				DEBUG_INFORMATION_FORMAT = "dwarf-with-dsym";
				ENABLE_NS_ASSERTIONS = NO;
				ENABLE_STRICT_OBJC_MSGSEND = YES;
				GCC_C_LANGUAGE_STANDARD = gnu11;
				GCC_NO_COMMON_BLOCKS = YES;
				GCC_WARN_64_TO_32_BIT_CONVERSION = YES;
				GCC_WARN_ABOUT_RETURN_TYPE = YES_ERROR;
				GCC_WARN_UNDECLARED_SELECTOR = YES;
				GCC_WARN_UNINITIALIZED_AUTOS = YES_AGGRESSIVE;
				GCC_WARN_UNUSED_FUNCTION = YES;
				GCC_WARN_UNUSED_VARIABLE = YES;
				IPHONEOS_DEPLOYMENT_TARGET = 12.1;
				MTL_ENABLE_DEBUG_INFO = NO;
				MTL_FAST_MATH = YES;
				SDKROOT = iphoneos;
				SWIFT_COMPILATION_MODE = wholemodule;
				SWIFT_OPTIMIZATION_LEVEL = "-O";
				VALIDATE_PRODUCT = YES;
			};
			name = Release;
		};
		1B489B12221D632B0098CBB7 /* Debug */ = {
			isa = XCBuildConfiguration;
			buildSettings = {
				ASSETCATALOG_COMPILER_APPICON_NAME = AppIcon;
				CODE_SIGN_STYLE = Automatic;
				DEVELOPMENT_TEAM = 8M63B65N66;
				INFOPLIST_FILE = Demo/Info.plist;
				LD_RUNPATH_SEARCH_PATHS = (
					"$(inherited)",
					"@executable_path/Frameworks",
				);
				PRODUCT_BUNDLE_IDENTIFIER = com.quangtqag.Demo;
				PRODUCT_NAME = "$(TARGET_NAME)";
				SWIFT_VERSION = 4.2;
				TARGETED_DEVICE_FAMILY = "1,2";
			};
			name = Debug;
		};
		1B489B13221D632B0098CBB7 /* Release */ = {
			isa = XCBuildConfiguration;
			buildSettings = {
				ASSETCATALOG_COMPILER_APPICON_NAME = AppIcon;
				CODE_SIGN_STYLE = Automatic;
				DEVELOPMENT_TEAM = 8M63B65N66;
				INFOPLIST_FILE = Demo/Info.plist;
				LD_RUNPATH_SEARCH_PATHS = (
					"$(inherited)",
					"@executable_path/Frameworks",
				);
				PRODUCT_BUNDLE_IDENTIFIER = com.quangtqag.Demo;
				PRODUCT_NAME = "$(TARGET_NAME)";
				SWIFT_VERSION = 4.2;
				TARGETED_DEVICE_FAMILY = "1,2";
			};
			name = Release;
		};
		1B489B15221D632B0098CBB7 /* Debug */ = {
			isa = XCBuildConfiguration;
			buildSettings = {
				ALWAYS_EMBED_SWIFT_STANDARD_LIBRARIES = YES;
				BUNDLE_LOADER = "$(TEST_HOST)";
				CODE_SIGN_STYLE = Automatic;
				DEVELOPMENT_TEAM = 8M63B65N66;
				INFOPLIST_FILE = DemoTests/Info.plist;
				LD_RUNPATH_SEARCH_PATHS = (
					"$(inherited)",
					"@executable_path/Frameworks",
					"@loader_path/Frameworks",
				);
				PRODUCT_BUNDLE_IDENTIFIER = com.quangtqag.DemoTests;
				PRODUCT_NAME = "$(TARGET_NAME)";
				SWIFT_VERSION = 4.2;
				TARGETED_DEVICE_FAMILY = "1,2";
				TEST_HOST = "$(BUILT_PRODUCTS_DIR)/Demo.app/Demo";
			};
			name = Debug;
		};
		1B489B16221D632B0098CBB7 /* Release */ = {
			isa = XCBuildConfiguration;
			buildSettings = {
				ALWAYS_EMBED_SWIFT_STANDARD_LIBRARIES = YES;
				BUNDLE_LOADER = "$(TEST_HOST)";
				CODE_SIGN_STYLE = Automatic;
				DEVELOPMENT_TEAM = 8M63B65N66;
				INFOPLIST_FILE = DemoTests/Info.plist;
				LD_RUNPATH_SEARCH_PATHS = (
					"$(inherited)",
					"@executable_path/Frameworks",
					"@loader_path/Frameworks",
				);
				PRODUCT_BUNDLE_IDENTIFIER = com.quangtqag.DemoTests;
				PRODUCT_NAME = "$(TARGET_NAME)";
				SWIFT_VERSION = 4.2;
				TARGETED_DEVICE_FAMILY = "1,2";
				TEST_HOST = "$(BUILT_PRODUCTS_DIR)/Demo.app/Demo";
			};
			name = Release;
		};
		1B489B18221D632B0098CBB7 /* Debug */ = {
			isa = XCBuildConfiguration;
			buildSettings = {
				ALWAYS_EMBED_SWIFT_STANDARD_LIBRARIES = YES;
				CODE_SIGN_STYLE = Automatic;
				DEVELOPMENT_TEAM = 8M63B65N66;
				INFOPLIST_FILE = DemoUITests/Info.plist;
				LD_RUNPATH_SEARCH_PATHS = (
					"$(inherited)",
					"@executable_path/Frameworks",
					"@loader_path/Frameworks",
				);
				PRODUCT_BUNDLE_IDENTIFIER = com.quangtqag.DemoUITests;
				PRODUCT_NAME = "$(TARGET_NAME)";
				SWIFT_VERSION = 4.2;
				TARGETED_DEVICE_FAMILY = "1,2";
				TEST_TARGET_NAME = Demo;
			};
			name = Debug;
		};
		1B489B19221D632B0098CBB7 /* Release */ = {
			isa = XCBuildConfiguration;
			buildSettings = {
				ALWAYS_EMBED_SWIFT_STANDARD_LIBRARIES = YES;
				CODE_SIGN_STYLE = Automatic;
				DEVELOPMENT_TEAM = 8M63B65N66;
				INFOPLIST_FILE = DemoUITests/Info.plist;
				LD_RUNPATH_SEARCH_PATHS = (
					"$(inherited)",
					"@executable_path/Frameworks",
					"@loader_path/Frameworks",
				);
				PRODUCT_BUNDLE_IDENTIFIER = com.quangtqag.DemoUITests;
				PRODUCT_NAME = "$(TARGET_NAME)";
				SWIFT_VERSION = 4.2;
				TARGETED_DEVICE_FAMILY = "1,2";
				TEST_TARGET_NAME = Demo;
			};
			name = Release;
		};
/* End XCBuildConfiguration section */

/* Begin XCConfigurationList section */
		1B489AE4221D632A0098CBB7 /* Build configuration list for PBXProject "Demo" */ = {
			isa = XCConfigurationList;
			buildConfigurations = (
				1B489B0F221D632B0098CBB7 /* Debug */,
				1B489B10221D632B0098CBB7 /* Release */,
			);
			defaultConfigurationIsVisible = 0;
			defaultConfigurationName = Release;
		};
		1B489B11221D632B0098CBB7 /* Build configuration list for PBXNativeTarget "Demo" */ = {
			isa = XCConfigurationList;
			buildConfigurations = (
				1B489B12221D632B0098CBB7 /* Debug */,
				1B489B13221D632B0098CBB7 /* Release */,
			);
			defaultConfigurationIsVisible = 0;
			defaultConfigurationName = Release;
		};
		1B489B14221D632B0098CBB7 /* Build configuration list for PBXNativeTarget "DemoTests" */ = {
			isa = XCConfigurationList;
			buildConfigurations = (
				1B489B15221D632B0098CBB7 /* Debug */,
				1B489B16221D632B0098CBB7 /* Release */,
			);
			defaultConfigurationIsVisible = 0;
			defaultConfigurationName = Release;
		};
		1B489B17221D632B0098CBB7 /* Build configuration list for PBXNativeTarget "DemoUITests" */ = {
			isa = XCConfigurationList;
			buildConfigurations = (
				1B489B18221D632B0098CBB7 /* Debug */,
				1B489B19221D632B0098CBB7 /* Release */,
			);
			defaultConfigurationIsVisible = 0;
			defaultConfigurationName = Release;
		};
/* End XCConfigurationList section */
	};
	rootObject = 1B489AE1221D632A0098CBB7 /* Project object */;
}
